PODS:
  - ObjectMapper (3.4.2)
  - Starscream (3.0.6)

DEPENDENCIES:
  - ObjectMapper (~> 3.4)
  - Starscream (~> 3.0.2)

SPEC REPOS:
  https://github.com/cocoapods/specs.git:
    - ObjectMapper
    - Starscream

SPEC CHECKSUMS:
  ObjectMapper: 0d4402610f4e468903ae64629eec4784531e5c51
  Starscream: ef3ece99d765eeccb67de105bfa143f929026cf5

PODFILE CHECKSUM: 3f0609b9805e44496125311c48b2866828f1ba44

COCOAPODS: 1.5.3
